
Microsoft Visual Studio Solution File, Format Version 12.00
# Visual Studio 15
VisualStudioVersion = 15.0.28307.779
MinimumVisualStudioVersion = 10.0.40219.1
Project("{888888A0-9F3D-457C-B088-3A5042F75D52}") = "Python Week 3 Craig Ferguson", "Python Week 3 Craig Ferguson\Python Week 3 Craig Ferguson.pyproj", "{67D8DF3A-AD30-4467-A28D-91C68FC94388}"
EndProject
Global
	GlobalSection(SolutionConfigurationPlatforms) = preSolution
		Debug|Any CPU = Debug|Any CPU
		Release|Any CPU = Release|Any CPU
	EndGlobalSection
	GlobalSection(ProjectConfigurationPlatforms) = postSolution
		{67D8DF3A-AD30-4467-A28D-91C68FC94388}.Debug|Any CPU.ActiveCfg = Debug|Any CPU
		{67D8DF3A-AD30-4467-A28D-91C68FC94388}.Release|Any CPU.ActiveCfg = Release|Any CPU
	EndGlobalSection
	GlobalSection(SolutionProperties) = preSolution
		HideSolutionNode = FALSE
	EndGlobalSection
	GlobalSection(ExtensibilityGlobals) = postSolution
		SolutionGuid = {F1570DA9-5692-413E-96E0-2505072F690D}
	EndGlobalSection
EndGlobal
